
Microsoft Visual Studio Solution File, Format Version 12.00
# Visual Studio 15
Project("{FAE04EC0-301F-11D3-BF4B-00C04F79EFBC}") = "Assembly-CSharp", "Assembly-CSharp.csproj", "{E4994E6E-75D1-B90D-73E5-8D84F103D364}"
EndProject
Global
	GlobalSection(SolutionConfigurationPlatforms) = preSolution
		Debug|Any CPU = Debug|Any CPU
		Release|Any CPU = Release|Any CPU
	EndGlobalSection
	GlobalSection(ProjectConfigurationPlatforms) = postSolution
		{E4994E6E-75D1-B90D-73E5-8D84F103D364}.Debug|Any CPU.ActiveCfg = Debug|Any CPU
		{E4994E6E-75D1-B90D-73E5-8D84F103D364}.Debug|Any CPU.Build.0 = Debug|Any CPU
		{E4994E6E-75D1-B90D-73E5-8D84F103D364}.Release|Any CPU.ActiveCfg = Release|Any CPU
		{E4994E6E-75D1-B90D-73E5-8D84F103D364}.Release|Any CPU.Build.0 = Release|Any CPU
	EndGlobalSection
	GlobalSection(SolutionProperties) = preSolution
		HideSolutionNode = FALSE
	EndGlobalSection
EndGlobal
